// !$*UTF8*$!
{
	archiveVersion = 1;
	classes = {
	};
	objectVersion = 55;
	objects = {

/* Begin PBXBuildFile section */
		201906D327553DAC00962D1E /* TriviaEngWeek2021App.swift in Sources */ = {isa = PBXBuildFile; fileRef = 201906D227553DAC00962D1E /* TriviaEngWeek2021App.swift */; };
		201906D527553DAC00962D1E /* ContentView.swift in Sources */ = {isa = PBXBuildFile; fileRef = 201906D427553DAC00962D1E /* ContentView.swift */; };
		201906D727553DAE00962D1E /* Assets.xcassets in Resources */ = {isa = PBXBuildFile; fileRef = 201906D627553DAE00962D1E /* Assets.xcassets */; };
		201906DA27553DAE00962D1E /* Preview Assets.xcassets in Resources */ = {isa = PBXBuildFile; fileRef = 201906D927553DAE00962D1E /* Preview Assets.xcassets */; };
		201906E127553E0B00962D1E /* MainView.swift in Sources */ = {isa = PBXBuildFile; fileRef = 201906E027553E0B00962D1E /* MainView.swift */; };
		201906E3275549AF00962D1E /* PlayView.swift in Sources */ = {isa = PBXBuildFile; fileRef = 201906E2275549AF00962D1E /* PlayView.swift */; };
		201906E5275549C400962D1E /* OptionsView.swift in Sources */ = {isa = PBXBuildFile; fileRef = 201906E4275549C400962D1E /* OptionsView.swift */; };
		201906E7275563D700962D1E /* AnsyncDataTest.swift in Sources */ = {isa = PBXBuildFile; fileRef = 201906E6275563D700962D1E /* AnsyncDataTest.swift */; };
		201906ED27556DA300962D1E /* PlayViewModel.swift in Sources */ = {isa = PBXBuildFile; fileRef = 201906EC27556DA300962D1E /* PlayViewModel.swift */; };
		20862BC32755A5480005CAF2 /* QuestionAnswersModel.swift in Sources */ = {isa = PBXBuildFile; fileRef = 20862BC22755A5480005CAF2 /* QuestionAnswersModel.swift */; };
		20862BC52756635E0005CAF2 /* QuestionAnswersViewModel.swift in Sources */ = {isa = PBXBuildFile; fileRef = 20862BC42756635E0005CAF2 /* QuestionAnswersViewModel.swift */; };
/* End PBXBuildFile section */

/* Begin PBXFileReference section */
		201906CF27553DAC00962D1E /* TriviaEngWeek2021.app */ = {isa = PBXFileReference; explicitFileType = wrapper.application; includeInIndex = 0; path = TriviaEngWeek2021.app; sourceTree = BUILT_PRODUCTS_DIR; };
		201906D227553DAC00962D1E /* TriviaEngWeek2021App.swift */ = {isa = PBXFileReference; lastKnownFileType = sourcecode.swift; path = TriviaEngWeek2021App.swift; sourceTree = "<group>"; };
		201906D427553DAC00962D1E /* ContentView.swift */ = {isa = PBXFileReference; lastKnownFileType = sourcecode.swift; path = ContentView.swift; sourceTree = "<group>"; };
		201906D627553DAE00962D1E /* Assets.xcassets */ = {isa = PBXFileReference; lastKnownFileType = folder.assetcatalog; path = Assets.xcassets; sourceTree = "<group>"; };
		201906D927553DAE00962D1E /* Preview Assets.xcassets */ = {isa = PBXFileReference; lastKnownFileType = folder.assetcatalog; path = "Preview Assets.xcassets"; sourceTree = "<group>"; };
		201906E027553E0B00962D1E /* MainView.swift */ = {isa = PBXFileReference; lastKnownFileType = sourcecode.swift; path = MainView.swift; sourceTree = "<group>"; };
		201906E2275549AF00962D1E /* PlayView.swift */ = {isa = PBXFileReference; lastKnownFileType = sourcecode.swift; path = PlayView.swift; sourceTree = "<group>"; };
		201906E4275549C400962D1E /* OptionsView.swift */ = {isa = PBXFileReference; lastKnownFileType = sourcecode.swift; path = OptionsView.swift; sourceTree = "<group>"; };
		201906E6275563D700962D1E /* AnsyncDataTest.swift */ = {isa = PBXFileReference; lastKnownFileType = sourcecode.swift; path = AnsyncDataTest.swift; sourceTree = "<group>"; };
		201906EC27556DA300962D1E /* PlayViewModel.swift */ = {isa = PBXFileReference; lastKnownFileType = sourcecode.swift; path = PlayViewModel.swift; sourceTree = "<group>"; };
		20862BC127559A8F0005CAF2 /* .gitignore */ = {isa = PBXFileReference; lastKnownFileType = text; path = .gitignore; sourceTree = SOURCE_ROOT; };
		20862BC22755A5480005CAF2 /* QuestionAnswersModel.swift */ = {isa = PBXFileReference; lastKnownFileType = sourcecode.swift; path = QuestionAnswersModel.swift; sourceTree = "<group>"; };
		20862BC42756635E0005CAF2 /* QuestionAnswersViewModel.swift */ = {isa = PBXFileReference; lastKnownFileType = sourcecode.swift; path = QuestionAnswersViewModel.swift; sourceTree = "<group>"; };
/* End PBXFileReference section */

/* Begin PBXFrameworksBuildPhase section */
		201906CC27553DAC00962D1E /* Frameworks */ = {
			isa = PBXFrameworksBuildPhase;
			buildActionMask = 2147483647;
			files = (
			);
			runOnlyForDeploymentPostprocessing = 0;
		};
/* End PBXFrameworksBuildPhase section */

/* Begin PBXGroup section */
		201906C627553DAC00962D1E = {
			isa = PBXGroup;
			children = (
				201906D127553DAC00962D1E /* TriviaEngWeek2021 */,
				201906D027553DAC00962D1E /* Products */,
			);
			sourceTree = "<group>";
		};
		201906D027553DAC00962D1E /* Products */ = {
			isa = PBXGroup;
			children = (
				201906CF27553DAC00962D1E /* TriviaEngWeek2021.app */,
			);
			name = Products;
			sourceTree = "<group>";
		};
		201906D127553DAC00962D1E /* TriviaEngWeek2021 */ = {
			isa = PBXGroup;
			children = (
				20862BC127559A8F0005CAF2 /* .gitignore */,
				201906E6275563D700962D1E /* AnsyncDataTest.swift */,
				201906D427553DAC00962D1E /* ContentView.swift */,
				201906E027553E0B00962D1E /* MainView.swift */,
				201906E4275549C400962D1E /* OptionsView.swift */,
				201906E2275549AF00962D1E /* PlayView.swift */,
				201906EC27556DA300962D1E /* PlayViewModel.swift */,
				201906D227553DAC00962D1E /* TriviaEngWeek2021App.swift */,
				20862BC22755A5480005CAF2 /* QuestionAnswersModel.swift */,
				20862BC42756635E0005CAF2 /* QuestionAnswersViewModel.swift */,
				201906D627553DAE00962D1E /* Assets.xcassets */,
				201906D827553DAE00962D1E /* Preview Content */,
			);
			path = TriviaEngWeek2021;
			sourceTree = "<group>";
		};
		201906D827553DAE00962D1E /* Preview Content */ = {
			isa = PBXGroup;
			children = (
				201906D927553DAE00962D1E /* Preview Assets.xcassets */,
			);
			path = "Preview Content";
			sourceTree = "<group>";
		};
/* End PBXGroup section */

/* Begin PBXNativeTarget section */
		201906CE27553DAC00962D1E /* TriviaEngWeek2021 */ = {
			isa = PBXNativeTarget;
			buildConfigurationList = 201906DD27553DAE00962D1E /* Build configuration list for PBXNativeTarget "TriviaEngWeek2021" */;
			buildPhases = (
				201906CB27553DAC00962D1E /* Sources */,
				201906CC27553DAC00962D1E /* Frameworks */,
				201906CD27553DAC00962D1E /* Resources */,
			);
			buildRules = (
			);
			dependencies = (
			);
			name = TriviaEngWeek2021;
			productName = TriviaEngWeek2021;
			productReference = 201906CF27553DAC00962D1E /* TriviaEngWeek2021.app */;
			productType = "com.apple.product-type.application";
		};
/* End PBXNativeTarget section */

/* Begin PBXProject section */
		201906C727553DAC00962D1E /* Project object */ = {
			isa = PBXProject;
			attributes = {
				BuildIndependentTargetsInParallel = 1;
				LastSwiftUpdateCheck = 1300;
				LastUpgradeCheck = 1300;
				TargetAttributes = {
					201906CE27553DAC00962D1E = {
						CreatedOnToolsVersion = 13.0;
					};
				};
			};
			buildConfigurationList = 201906CA27553DAC00962D1E /* Build configuration list for PBXProject "TriviaEngWeek2021" */;
			compatibilityVersion = "Xcode 13.0";
			developmentRegion = en;
			hasScannedForEncodings = 0;
			knownRegions = (
				en,
				Base,
			);
			mainGroup = 201906C627553DAC00962D1E;
			productRefGroup = 201906D027553DAC00962D1E /* Products */;
			projectDirPath = "";
			projectRoot = "";
			targets = (
				201906CE27553DAC00962D1E /* TriviaEngWeek2021 */,
			);
		};
/* End PBXProject section */

/* Begin PBXResourcesBuildPhase section */
		201906CD27553DAC00962D1E /* Resources */ = {
			isa = PBXResourcesBuildPhase;
			buildActionMask = 2147483647;
			files = (
				201906DA27553DAE00962D1E /* Preview Assets.xcassets in Resources */,
				201906D727553DAE00962D1E /* Assets.xcassets in Resources */,
			);
			runOnlyForDeploymentPostprocessing = 0;
		};
/* End PBXResourcesBuildPhase section */

/* Begin PBXSourcesBuildPhase section */
		201906CB27553DAC00962D1E /* Sources */ = {
			isa = PBXSourcesBuildPhase;
			buildActionMask = 2147483647;
			files = (
				201906D527553DAC00962D1E /* ContentView.swift in Sources */,
				201906E127553E0B00962D1E /* MainView.swift in Sources */,
				20862BC52756635E0005CAF2 /* QuestionAnswersViewModel.swift in Sources */,
				201906E3275549AF00962D1E /* PlayView.swift in Sources */,
				201906E7275563D700962D1E /* AnsyncDataTest.swift in Sources */,
				201906E5275549C400962D1E /* OptionsView.swift in Sources */,
				201906ED27556DA300962D1E /* PlayViewModel.swift in Sources */,
				201906D327553DAC00962D1E /* TriviaEngWeek2021App.swift in Sources */,
				20862BC32755A5480005CAF2 /* QuestionAnswersModel.swift in Sources */,
			);
			runOnlyForDeploymentPostprocessing = 0;
		};
/* End PBXSourcesBuildPhase section */

/* Begin XCBuildConfiguration section */
		201906DB27553DAE00962D1E /* Debug */ = {
			isa = XCBuildConfiguration;
			buildSettings = {
				ALWAYS_SEARCH_USER_PATHS = NO;
				CLANG_ANALYZER_NONNULL = YES;
				CLANG_ANALYZER_NUMBER_OBJECT_CONVERSION = YES_AGGRESSIVE;
				CLANG_CXX_LANGUAGE_STANDARD = "gnu++17";
				CLANG_CXX_LIBRARY = "libc++";
				CLANG_ENABLE_MODULES = YES;
				CLANG_ENABLE_OBJC_ARC = YES;
				CLANG_ENABLE_OBJC_WEAK = YES;
				CLANG_WARN_BLOCK_CAPTURE_AUTORELEASING = YES;
				CLANG_WARN_BOOL_CONVERSION = YES;
				CLANG_WARN_COMMA = YES;
				CLANG_WARN_CONSTANT_CONVERSION = YES;
				CLANG_WARN_DEPRECATED_OBJC_IMPLEMENTATIONS = YES;
				CLANG_WARN_DIRECT_OBJC_ISA_USAGE = YES_ERROR;
				CLANG_WARN_DOCUMENTATION_COMMENTS = YES;
				CLANG_WARN_EMPTY_BODY = YES;
				CLANG_WARN_ENUM_CONVERSION = YES;
				CLANG_WARN_INFINITE_RECURSION = YES;
				CLANG_WARN_INT_CONVERSION = YES;
				CLANG_WARN_NON_LITERAL_NULL_CONVERSION = YES;
				CLANG_WARN_OBJC_IMPLICIT_RETAIN_SELF = YES;
				CLANG_WARN_OBJC_LITERAL_CONVERSION = YES;
				CLANG_WARN_OBJC_ROOT_CLASS = YES_ERROR;
				CLANG_WARN_QUOTED_INCLUDE_IN_FRAMEWORK_HEADER = YES;
				CLANG_WARN_RANGE_LOOP_ANALYSIS = YES;
				CLANG_WARN_STRICT_PROTOTYPES = YES;
				CLANG_WARN_SUSPICIOUS_MOVE = YES;
				CLANG_WARN_UNGUARDED_AVAILABILITY = YES_AGGRESSIVE;
				CLANG_WARN_UNREACHABLE_CODE = YES;
				CLANG_WARN__DUPLICATE_METHOD_MATCH = YES;
				COPY_PHASE_STRIP = NO;
				DEBUG_INFORMATION_FORMAT = dwarf;
				ENABLE_STRICT_OBJC_MSGSEND = YES;
				ENABLE_TESTABILITY = YES;
				GCC_C_LANGUAGE_STANDARD = gnu11;
				GCC_DYNAMIC_NO_PIC = NO;
				GCC_NO_COMMON_BLOCKS = YES;
				GCC_OPTIMIZATION_LEVEL = 0;
				GCC_PREPROCESSOR_DEFINITIONS = (
					"DEBUG=1",
					"$(inherited)",
				);
				GCC_WARN_64_TO_32_BIT_CONVERSION = YES;
				GCC_WARN_ABOUT_RETURN_TYPE = YES_ERROR;
				GCC_WARN_UNDECLARED_SELECTOR = YES;
				GCC_WARN_UNINITIALIZED_AUTOS = YES_AGGRESSIVE;
				GCC_WARN_UNUSED_FUNCTION = YES;
				GCC_WARN_UNUSED_VARIABLE = YES;
				IPHONEOS_DEPLOYMENT_TARGET = 15.0;
				MTL_ENABLE_DEBUG_INFO = INCLUDE_SOURCE;
				MTL_FAST_MATH = YES;
				ONLY_ACTIVE_ARCH = YES;
				SDKROOT = iphoneos;
				SWIFT_ACTIVE_COMPILATION_CONDITIONS = DEBUG;
				SWIFT_OPTIMIZATION_LEVEL = "-Onone";
			};
			name = Debug;
		};
		201906DC27553DAE00962D1E /* Release */ = {
			isa = XCBuildConfiguration;
			buildSettings = {
				ALWAYS_SEARCH_USER_PATHS = NO;
				CLANG_ANALYZER_NONNULL = YES;
				CLANG_ANALYZER_NUMBER_OBJECT_CONVERSION = YES_AGGRESSIVE;
				CLANG_CXX_LANGUAGE_STANDARD = "gnu++17";
				CLANG_CXX_LIBRARY = "libc++";
				CLANG_ENABLE_MODULES = YES;
				CLANG_ENABLE_OBJC_ARC = YES;
				CLANG_ENABLE_OBJC_WEAK = YES;
				CLANG_WARN_BLOCK_CAPTURE_AUTORELEASING = YES;
				CLANG_WARN_BOOL_CONVERSION = YES;
				CLANG_WARN_COMMA = YES;
				CLANG_WARN_CONSTANT_CONVERSION = YES;
				CLANG_WARN_DEPRECATED_OBJC_IMPLEMENTATIONS = YES;
				CLANG_WARN_DIRECT_OBJC_ISA_USAGE = YES_ERROR;
				CLANG_WARN_DOCUMENTATION_COMMENTS = YES;
				CLANG_WARN_EMPTY_BODY = YES;
				CLANG_WARN_ENUM_CONVERSION = YES;
				CLANG_WARN_INFINITE_RECURSION = YES;
				CLANG_WARN_INT_CONVERSION = YES;
				CLANG_WARN_NON_LITERAL_NULL_CONVERSION = YES;
				CLANG_WARN_OBJC_IMPLICIT_RETAIN_SELF = YES;
				CLANG_WARN_OBJC_LITERAL_CONVERSION = YES;
				CLANG_WARN_OBJC_ROOT_CLASS = YES_ERROR;
				CLANG_WARN_QUOTED_INCLUDE_IN_FRAMEWORK_HEADER = YES;
				CLANG_WARN_RANGE_LOOP_ANALYSIS = YES;
				CLANG_WARN_STRICT_PROTOTYPES = YES;
				CLANG_WARN_SUSPICIOUS_MOVE = YES;
				CLANG_WARN_UNGUARDED_AVAILABILITY = YES_AGGRESSIVE;
				CLANG_WARN_UNREACHABLE_CODE = YES;
				CLANG_WARN__DUPLICATE_METHOD_MATCH = YES;
				COPY_PHASE_STRIP = NO;
				DEBUG_INFORMATION_FORMAT = "dwarf-with-dsym";
				ENABLE_NS_ASSERTIONS = NO;
				ENABLE_STRICT_OBJC_MSGSEND = YES;
				GCC_C_LANGUAGE_STANDARD = gnu11;
				GCC_NO_COMMON_BLOCKS = YES;
				GCC_WARN_64_TO_32_BIT_CONVERSION = YES;
				GCC_WARN_ABOUT_RETURN_TYPE = YES_ERROR;
				GCC_WARN_UNDECLARED_SELECTOR = YES;
				GCC_WARN_UNINITIALIZED_AUTOS = YES_AGGRESSIVE;
				GCC_WARN_UNUSED_FUNCTION = YES;
				GCC_WARN_UNUSED_VARIABLE = YES;
				IPHONEOS_DEPLOYMENT_TARGET = 15.0;
				MTL_ENABLE_DEBUG_INFO = NO;
				MTL_FAST_MATH = YES;
				SDKROOT = iphoneos;
				SWIFT_COMPILATION_MODE = wholemodule;
				SWIFT_OPTIMIZATION_LEVEL = "-O";
				VALIDATE_PRODUCT = YES;
			};
			name = Release;
		};
		201906DE27553DAE00962D1E /* Debug */ = {
			isa = XCBuildConfiguration;
			buildSettings = {
				ASSETCATALOG_COMPILER_APPICON_NAME = AppIcon;
				ASSETCATALOG_COMPILER_GLOBAL_ACCENT_COLOR_NAME = AccentColor;
				CODE_SIGN_STYLE = Automatic;
				CURRENT_PROJECT_VERSION = 1;
				DEVELOPMENT_ASSET_PATHS = "\"TriviaEngWeek2021/Preview Content\"";
				ENABLE_PREVIEWS = YES;
				GENERATE_INFOPLIST_FILE = YES;
				INFOPLIST_KEY_UIApplicationSceneManifest_Generation = YES;
				INFOPLIST_KEY_UIApplicationSupportsIndirectInputEvents = YES;
				INFOPLIST_KEY_UILaunchScreen_Generation = YES;
				INFOPLIST_KEY_UISupportedInterfaceOrientations_iPad = "UIInterfaceOrientationPortrait UIInterfaceOrientationPortraitUpsideDown UIInterfaceOrientationLandscapeLeft UIInterfaceOrientationLandscapeRight";
				INFOPLIST_KEY_UISupportedInterfaceOrientations_iPhone = "UIInterfaceOrientationPortrait UIInterfaceOrientationLandscapeLeft UIInterfaceOrientationLandscapeRight";
				IPHONEOS_DEPLOYMENT_TARGET = 15.0;
				LD_RUNPATH_SEARCH_PATHS = (
					"$(inherited)",
					"@executable_path/Frameworks",
				);
				MARKETING_VERSION = 1.0;
				PRODUCT_BUNDLE_IDENTIFIER = blacklabs.TriviaEngWeek2021;
				PRODUCT_NAME = "$(TARGET_NAME)";
				SWIFT_EMIT_LOC_STRINGS = YES;
				SWIFT_VERSION = 5.0;
				TARGETED_DEVICE_FAMILY = "1,2";
			};
			name = Debug;
		};
		201906DF27553DAE00962D1E /* Release */ = {
			isa = XCBuildConfiguration;
			buildSettings = {
				ASSETCATALOG_COMPILER_APPICON_NAME = AppIcon;
				ASSETCATALOG_COMPILER_GLOBAL_ACCENT_COLOR_NAME = AccentColor;
				CODE_SIGN_STYLE = Automatic;
				CURRENT_PROJECT_VERSION = 1;
				DEVELOPMENT_ASSET_PATHS = "\"TriviaEngWeek2021/Preview Content\"";
				ENABLE_PREVIEWS = YES;
				GENERATE_INFOPLIST_FILE = YES;
				INFOPLIST_KEY_UIApplicationSceneManifest_Generation = YES;
				INFOPLIST_KEY_UIApplicationSupportsIndirectInputEvents = YES;
				INFOPLIST_KEY_UILaunchScreen_Generation = YES;
				INFOPLIST_KEY_UISupportedInterfaceOrientations_iPad = "UIInterfaceOrientationPortrait UIInterfaceOrientationPortraitUpsideDown UIInterfaceOrientationLandscapeLeft UIInterfaceOrientationLandscapeRight";
				INFOPLIST_KEY_UISupportedInterfaceOrientations_iPhone = "UIInterfaceOrientationPortrait UIInterfaceOrientationLandscapeLeft UIInterfaceOrientationLandscapeRight";
				IPHONEOS_DEPLOYMENT_TARGET = 15.0;
				LD_RUNPATH_SEARCH_PATHS = (
					"$(inherited)",
					"@executable_path/Frameworks",
				);
				MARKETING_VERSION = 1.0;
				PRODUCT_BUNDLE_IDENTIFIER = blacklabs.TriviaEngWeek2021;
				PRODUCT_NAME = "$(TARGET_NAME)";
				SWIFT_EMIT_LOC_STRINGS = YES;
				SWIFT_VERSION = 5.0;
				TARGETED_DEVICE_FAMILY = "1,2";
			};
			name = Release;
		};
/* End XCBuildConfiguration section */

/* Begin XCConfigurationList section */
		201906CA27553DAC00962D1E /* Build configuration list for PBXProject "TriviaEngWeek2021" */ = {
			isa = XCConfigurationList;
			buildConfigurations = (
				201906DB27553DAE00962D1E /* Debug */,
				201906DC27553DAE00962D1E /* Release */,
			);
			defaultConfigurationIsVisible = 0;
			defaultConfigurationName = Release;
		};
		201906DD27553DAE00962D1E /* Build configuration list for PBXNativeTarget "TriviaEngWeek2021" */ = {
			isa = XCConfigurationList;
			buildConfigurations = (
				201906DE27553DAE00962D1E /* Debug */,
				201906DF27553DAE00962D1E /* Release */,
			);
			defaultConfigurationIsVisible = 0;
			defaultConfigurationName = Release;
		};
/* End XCConfigurationList section */
	};
	rootObject = 201906C727553DAC00962D1E /* Project object */;
}
